<?xml version="1.0" encoding="utf-8"?>
<Project ToolsVersion="4.0" xmlns="http://schemas.microsoft.com/developer/msbuild/2003">
  <ItemGroup>
    <Filter Include="include">
      <UniqueIdentifier>{cca6ca6c-d8de-44c8-9f2a-723845f5030a}</UniqueIdentifier>
    </Filter>
    <Filter Include="sources">
      <UniqueIdentifier>{ef06164c-a3f0-4ab0-8e64-58a5c1fd2b54}</UniqueIdentifier>
    </Filter>
  </ItemGroup>
  <ItemGroup>
    <ClInclude Include="include\Thunder\Buffer.hpp">
      <Filter>include</Filter>
    </ClInclude>
    <ClInclude Include="include\Thunder\Camera.hpp">
      <Filter>include</Filter>
    </ClInclude>
    <ClInclude Include="include\Thunder\Device.hpp">
      <Filter>include</Filter>
    </ClInclude>
    <ClInclude Include="include\Thunder\EventHandler.hpp">
      <Filter>include</Filter>
    </ClInclude>
    <ClInclude Include="include\Thunder\Light.hpp">
      <Filter>include</Filter>
    </ClInclude>
    <ClInclude Include="include\Thunder\Mesh.hpp">
      <Filter>include</Filter>
    </ClInclude>
    <ClInclude Include="include\Thunder\Model.hpp">
      <Filter>include</Filter>
    </ClInclude>
    <ClInclude Include="include\Thunder\NodeComponent.hpp">
      <Filter>include</Filter>
    </ClInclude>
    <ClInclude Include="include\Thunder\SceneManager.hpp">
      <Filter>include</Filter>
    </ClInclude>
    <ClInclude Include="include\Thunder\SceneNode.hpp">
      <Filter>include</Filter>
    </ClInclude>
    <ClInclude Include="include\Thunder\Shader.hpp">
      <Filter>include</Filter>
    </ClInclude>
    <ClInclude Include="include\Thunder\ShaderProgram.hpp">
      <Filter>include</Filter>
    </ClInclude>
    <ClInclude Include="include\Thunder\Transform.hpp">
      <Filter>include</Filter>
    </ClInclude>
    <ClInclude Include="include\Thunder\VertexArray.hpp">
      <Filter>include</Filter>
    </ClInclude>
    <ClInclude Include="include\Thunder\Texture.hpp">
      <Filter>include</Filter>
    </ClInclude>
    <ClInclude Include="include\Thunder\TexturedModel.hpp">
      <Filter>include</Filter>
    </ClInclude>
  </ItemGroup>
  <ItemGroup>
    <ClCompile Include="sources\Buffer.cpp">
      <Filter>sources</Filter>
    </ClCompile>
    <ClCompile Include="sources\Camera.cpp">
      <Filter>sources</Filter>
    </ClCompile>
    <ClCompile Include="sources\Device.cpp">
      <Filter>sources</Filter>
    </ClCompile>
    <ClCompile Include="sources\EventHandler.cpp">
      <Filter>sources</Filter>
    </ClCompile>
    <ClCompile Include="sources\Light.cpp">
      <Filter>sources</Filter>
    </ClCompile>
    <ClCompile Include="sources\Mesh.cpp">
      <Filter>sources</Filter>
    </ClCompile>
    <ClCompile Include="sources\Model.cpp">
      <Filter>sources</Filter>
    </ClCompile>
    <ClCompile Include="sources\NodeComponent.cpp">
      <Filter>sources</Filter>
    </ClCompile>
    <ClCompile Include="sources\SceneManager.cpp">
      <Filter>sources</Filter>
    </ClCompile>
    <ClCompile Include="sources\SceneNode.cpp">
      <Filter>sources</Filter>
    </ClCompile>
    <ClCompile Include="sources\Shader.cpp">
      <Filter>sources</Filter>
    </ClCompile>
    <ClCompile Include="sources\ShaderProgram.cpp">
      <Filter>sources</Filter>
    </ClCompile>
    <ClCompile Include="sources\Transform.cpp">
      <Filter>sources</Filter>
    </ClCompile>
    <ClCompile Include="sources\VertexArray.cpp">
      <Filter>sources</Filter>
    </ClCompile>
    <ClCompile Include="sources\Texture.cpp">
      <Filter>sources</Filter>
    </ClCompile>
    <ClCompile Include="sources\TexturedModel.cpp">
      <Filter>sources</Filter>
    </ClCompile>
  </ItemGroup>
</Project>